
Microsoft Visual Studio Solution File, Format Version 12.00
# Visual Studio Version 16
VisualStudioVersion = 16.0.31911.196
MinimumVisualStudioVersion = 10.0.40219.1
Project("{FAE04EC0-301F-11D3-BF4B-00C04F79EFBC}") = "Ебаный крестикнолик", "Ебаный крестикнолик\Ебаный крестикнолик.csproj", "{717F1ADD-E3C9-4365-8FDB-24B23178C62E}"
EndProject
Global
	GlobalSection(SolutionConfigurationPlatforms) = preSolution
		Debug|Any CPU = Debug|Any CPU
		Release|Any CPU = Release|Any CPU
	EndGlobalSection
	GlobalSection(ProjectConfigurationPlatforms) = postSolution
		{717F1ADD-E3C9-4365-8FDB-24B23178C62E}.Debug|Any CPU.ActiveCfg = Debug|Any CPU
		{717F1ADD-E3C9-4365-8FDB-24B23178C62E}.Debug|Any CPU.Build.0 = Debug|Any CPU
		{717F1ADD-E3C9-4365-8FDB-24B23178C62E}.Release|Any CPU.ActiveCfg = Release|Any CPU
		{717F1ADD-E3C9-4365-8FDB-24B23178C62E}.Release|Any CPU.Build.0 = Release|Any CPU
	EndGlobalSection
	GlobalSection(SolutionProperties) = preSolution
		HideSolutionNode = FALSE
	EndGlobalSection
	GlobalSection(ExtensibilityGlobals) = postSolution
		SolutionGuid = {6189D4F7-0A94-4A72-B053-10C90EE30E1F}
	EndGlobalSection
EndGlobal
